
Microsoft Visual Studio Solution File, Format Version 12.00
# Visual Studio Version 17
VisualStudioVersion = 17.14.36203.30 d17.14
MinimumVisualStudioVersion = 10.0.40219.1
Project("{FAE04EC0-301F-11D3-BF4B-00C04F79EFBC}") = "dao_tlk_to_txt", "dao_tlk_to_txt.csproj", "{C7C62EBD-D29E-4C38-8448-2FDE9DF8C75C}"
EndProject
Global
	GlobalSection(SolutionConfigurationPlatforms) = preSolution
		Debug|Any CPU = Debug|Any CPU
		Release|Any CPU = Release|Any CPU
	EndGlobalSection
	GlobalSection(ProjectConfigurationPlatforms) = postSolution
		{C7C62EBD-D29E-4C38-8448-2FDE9DF8C75C}.Debug|Any CPU.ActiveCfg = Debug|Any CPU
		{C7C62EBD-D29E-4C38-8448-2FDE9DF8C75C}.Debug|Any CPU.Build.0 = Debug|Any CPU
		{C7C62EBD-D29E-4C38-8448-2FDE9DF8C75C}.Release|Any CPU.ActiveCfg = Release|Any CPU
		{C7C62EBD-D29E-4C38-8448-2FDE9DF8C75C}.Release|Any CPU.Build.0 = Release|Any CPU
	EndGlobalSection
	GlobalSection(SolutionProperties) = preSolution
		HideSolutionNode = FALSE
	EndGlobalSection
	GlobalSection(ExtensibilityGlobals) = postSolution
		SolutionGuid = {E30E4B60-3DA4-47DD-ABBD-AC34CB35FAF0}
	EndGlobalSection
EndGlobal
